
Microsoft Visual Studio Solution File, Format Version 12.00
# Visual Studio Version 16
VisualStudioVersion = 16.0.30011.22
MinimumVisualStudioVersion = 10.0.40219.1
Project("{FAE04EC0-301F-11D3-BF4B-00C04F79EFBC}") = "HiScoreWebApp", "HiScoreWebApp.csproj", "{12C9B6FF-AEFA-4637-95A5-493EDE8EDF51}"
EndProject
Global
	GlobalSection(SolutionConfigurationPlatforms) = preSolution
		Debug|Any CPU = Debug|Any CPU
		Release|Any CPU = Release|Any CPU
	EndGlobalSection
	GlobalSection(ProjectConfigurationPlatforms) = postSolution
		{12C9B6FF-AEFA-4637-95A5-493EDE8EDF51}.Debug|Any CPU.ActiveCfg = Debug|Any CPU
		{12C9B6FF-AEFA-4637-95A5-493EDE8EDF51}.Debug|Any CPU.Build.0 = Debug|Any CPU
		{12C9B6FF-AEFA-4637-95A5-493EDE8EDF51}.Release|Any CPU.ActiveCfg = Release|Any CPU
		{12C9B6FF-AEFA-4637-95A5-493EDE8EDF51}.Release|Any CPU.Build.0 = Release|Any CPU
	EndGlobalSection
	GlobalSection(SolutionProperties) = preSolution
		HideSolutionNode = FALSE
	EndGlobalSection
	GlobalSection(ExtensibilityGlobals) = postSolution
		SolutionGuid = {D2DC29DD-D986-4C2D-BC9C-EA354DBFAD39}
	EndGlobalSection
EndGlobal
